PODS:
  - AFNetworking (3.1.0):
    - AFNetworking/NSURLSession (= 3.1.0)
    - AFNetworking/Reachability (= 3.1.0)
    - AFNetworking/Security (= 3.1.0)
    - AFNetworking/Serialization (= 3.1.0)
    - AFNetworking/UIKit (= 3.1.0)
  - AFNetworking/NSURLSession (3.1.0):
    - AFNetworking/Reachability
    - AFNetworking/Security
    - AFNetworking/Serialization
  - AFNetworking/Reachability (3.1.0)
  - AFNetworking/Security (3.1.0)
  - AFNetworking/Serialization (3.1.0)
  - AFNetworking/UIKit (3.1.0):
    - AFNetworking/NSURLSession
  - IQKeyboardManager (4.0.13)
  - JRSwizzle (1.0)
  - libextobjc/EXTScope (0.4.1):
    - libextobjc/RuntimeExtensions
  - libextobjc/RuntimeExtensions (0.4.1)
  - M9Dev (0.0.30):
    - JRSwizzle
    - libextobjc/EXTScope
    - M9Dev/Libraries (= 0.0.30)
    - M9Dev/M9Dev (= 0.0.30)
    - Masonry
    - NSString-UrlEncode
    - Reachability
  - M9Dev/Libraries (0.0.30):
    - JRSwizzle
    - libextobjc/EXTScope
    - M9Dev/Libraries/BlocksKit (= 0.0.30)
    - Masonry
    - NSString-UrlEncode
    - Reachability
  - M9Dev/Libraries/BlocksKit (0.0.30):
    - JRSwizzle
    - libextobjc/EXTScope
    - Masonry
    - NSString-UrlEncode
    - Reachability
  - M9Dev/M9Dev (0.0.30):
    - JRSwizzle
    - libextobjc/EXTScope
    - M9Dev/Libraries
    - Masonry
    - NSString-UrlEncode
    - Reachability
  - Masonry (1.0.2)
  - NSString-UrlEncode (2.1.0)
  - Reachability (3.2)

DEPENDENCIES:
  - AFNetworking (~> 3.0)
  - IQKeyboardManager
  - M9Dev (from `https://github.com/iwill/M9Dev.git`, branch `public`)
  - Masonry

EXTERNAL SOURCES:
  M9Dev:
    :branch: public
    :git: https://github.com/iwill/M9Dev.git

CHECKOUT OPTIONS:
  M9Dev:
    :commit: 7fd99fecbeaa6156495a047486a3f52fb176ea35
    :git: https://github.com/iwill/M9Dev.git

SPEC CHECKSUMS:
  AFNetworking: 5e0e199f73d8626b11e79750991f5d173d1f8b67
  IQKeyboardManager: 8eab4d8111418414619d1df8e4779ce5d0f8d7e2
  JRSwizzle: dd5ead5d913a0f29e7f558200165849f006bb1e3
  libextobjc: a650fc1bf489a3d3a9bc2e621efa3e1006fc5471
  M9Dev: 56d9ab1b80a96ae08325c168a9c4023674922993
  Masonry: 7c429b56da9d4ee0bbb3ed77a5ea710d6a5df39e
  NSString-UrlEncode: 92dcb01cac33ef036cda76baf0e4378b18779e47
  Reachability: 33e18b67625424e47b6cde6d202dce689ad7af96

PODFILE CHECKSUM: 072a3d74c8ccc80cd00650bb749f33c5c9caadfe

COCOAPODS: 1.2.1
