// !$*UTF8*$!
{
	archiveVersion = 1;
	classes = {
	};
	objectVersion = 46;
	objects = {

/* Begin PBXBuildFile section */
		33491F751F5E4A5000D186B5 /* main.m in Sources */ = {isa = PBXBuildFile; fileRef = 33491F741F5E4A5000D186B5 /* main.m */; };
		33491F781F5E4A5000D186B5 /* AppDelegate.m in Sources */ = {isa = PBXBuildFile; fileRef = 33491F771F5E4A5000D186B5 /* AppDelegate.m */; };
		33491F7B1F5E4A5000D186B5 /* ViewController.m in Sources */ = {isa = PBXBuildFile; fileRef = 33491F7A1F5E4A5000D186B5 /* ViewController.m */; };
		33491F7E1F5E4A5000D186B5 /* Main.storyboard in Resources */ = {isa = PBXBuildFile; fileRef = 33491F7C1F5E4A5000D186B5 /* Main.storyboard */; };
		33491F831F5E4A5000D186B5 /* LaunchScreen.storyboard in Resources */ = {isa = PBXBuildFile; fileRef = 33491F811F5E4A5000D186B5 /* LaunchScreen.storyboard */; };
		33491F8E1F5E4A5000D186B5 /* FYappTests.m in Sources */ = {isa = PBXBuildFile; fileRef = 33491F8D1F5E4A5000D186B5 /* FYappTests.m */; };
		33491F991F5E4A5000D186B5 /* FYappUITests.m in Sources */ = {isa = PBXBuildFile; fileRef = 33491F981F5E4A5000D186B5 /* FYappUITests.m */; };
		337F8D2C1F6784DD006B5218 /* LoginViewController.m in Sources */ = {isa = PBXBuildFile; fileRef = 337F8D2B1F6784DD006B5218 /* LoginViewController.m */; };
		33F8B2B61F679511009F4C87 /* Assets.xcassets in Resources */ = {isa = PBXBuildFile; fileRef = 33F8B2B51F679511009F4C87 /* Assets.xcassets */; };
		33F8B2B91F67CABE009F4C87 /* AppDelegate+private.m in Sources */ = {isa = PBXBuildFile; fileRef = 33F8B2B81F67CABE009F4C87 /* AppDelegate+private.m */; };
		33F8B2BD1F67DE85009F4C87 /* Networking.m in Sources */ = {isa = PBXBuildFile; fileRef = 33F8B2BC1F67DE85009F4C87 /* Networking.m */; };
		33F8B2C01F67F659009F4C87 /* AppConfig.m in Sources */ = {isa = PBXBuildFile; fileRef = 33F8B2BF1F67F659009F4C87 /* AppConfig.m */; };
		33F8B2C31F67F6EA009F4C87 /* Constants.m in Sources */ = {isa = PBXBuildFile; fileRef = 33F8B2C21F67F6EA009F4C87 /* Constants.m */; };
		B9130C887C863E798FB351F1 /* libPods-FYapp.a in Frameworks */ = {isa = PBXBuildFile; fileRef = EE090FE88ADF799341B4780C /* libPods-FYapp.a */; };
/* End PBXBuildFile section */

/* Begin PBXContainerItemProxy section */
		33491F8A1F5E4A5000D186B5 /* PBXContainerItemProxy */ = {
			isa = PBXContainerItemProxy;
			containerPortal = 33491F681F5E4A5000D186B5 /* Project object */;
			proxyType = 1;
			remoteGlobalIDString = 33491F6F1F5E4A5000D186B5;
			remoteInfo = FYapp;
		};
		33491F951F5E4A5000D186B5 /* PBXContainerItemProxy */ = {
			isa = PBXContainerItemProxy;
			containerPortal = 33491F681F5E4A5000D186B5 /* Project object */;
			proxyType = 1;
			remoteGlobalIDString = 33491F6F1F5E4A5000D186B5;
			remoteInfo = FYapp;
		};
/* End PBXContainerItemProxy section */

/* Begin PBXFileReference section */
		28D391F34BDE1B381DCEBF17 /* Pods-FYapp.release.xcconfig */ = {isa = PBXFileReference; includeInIndex = 1; lastKnownFileType = text.xcconfig; name = "Pods-FYapp.release.xcconfig"; path = "Pods/Target Support Files/Pods-FYapp/Pods-FYapp.release.xcconfig"; sourceTree = "<group>"; };
		33491F701F5E4A5000D186B5 /* FYapp.app */ = {isa = PBXFileReference; explicitFileType = wrapper.application; includeInIndex = 0; path = FYapp.app; sourceTree = BUILT_PRODUCTS_DIR; };
		33491F741F5E4A5000D186B5 /* main.m */ = {isa = PBXFileReference; lastKnownFileType = sourcecode.c.objc; path = main.m; sourceTree = "<group>"; };
		33491F761F5E4A5000D186B5 /* AppDelegate.h */ = {isa = PBXFileReference; lastKnownFileType = sourcecode.c.h; path = AppDelegate.h; sourceTree = "<group>"; };
		33491F771F5E4A5000D186B5 /* AppDelegate.m */ = {isa = PBXFileReference; lastKnownFileType = sourcecode.c.objc; path = AppDelegate.m; sourceTree = "<group>"; };
		33491F791F5E4A5000D186B5 /* ViewController.h */ = {isa = PBXFileReference; lastKnownFileType = sourcecode.c.h; path = ViewController.h; sourceTree = "<group>"; };
		33491F7A1F5E4A5000D186B5 /* ViewController.m */ = {isa = PBXFileReference; lastKnownFileType = sourcecode.c.objc; path = ViewController.m; sourceTree = "<group>"; };
		33491F7D1F5E4A5000D186B5 /* Base */ = {isa = PBXFileReference; lastKnownFileType = file.storyboard; name = Base; path = Base.lproj/Main.storyboard; sourceTree = "<group>"; };
		33491F821F5E4A5000D186B5 /* Base */ = {isa = PBXFileReference; lastKnownFileType = file.storyboard; name = Base; path = Base.lproj/LaunchScreen.storyboard; sourceTree = "<group>"; };
		33491F841F5E4A5000D186B5 /* Info.plist */ = {isa = PBXFileReference; lastKnownFileType = text.plist.xml; path = Info.plist; sourceTree = "<group>"; };
		33491F891F5E4A5000D186B5 /* FYappTests.xctest */ = {isa = PBXFileReference; explicitFileType = wrapper.cfbundle; includeInIndex = 0; path = FYappTests.xctest; sourceTree = BUILT_PRODUCTS_DIR; };
		33491F8D1F5E4A5000D186B5 /* FYappTests.m */ = {isa = PBXFileReference; lastKnownFileType = sourcecode.c.objc; path = FYappTests.m; sourceTree = "<group>"; };
		33491F8F1F5E4A5000D186B5 /* Info.plist */ = {isa = PBXFileReference; lastKnownFileType = text.plist.xml; path = Info.plist; sourceTree = "<group>"; };
		33491F941F5E4A5000D186B5 /* FYappUITests.xctest */ = {isa = PBXFileReference; explicitFileType = wrapper.cfbundle; includeInIndex = 0; path = FYappUITests.xctest; sourceTree = BUILT_PRODUCTS_DIR; };
		33491F981F5E4A5000D186B5 /* FYappUITests.m */ = {isa = PBXFileReference; lastKnownFileType = sourcecode.c.objc; path = FYappUITests.m; sourceTree = "<group>"; };
		33491F9A1F5E4A5000D186B5 /* Info.plist */ = {isa = PBXFileReference; lastKnownFileType = text.plist.xml; path = Info.plist; sourceTree = "<group>"; };
		337F8D2A1F6784DD006B5218 /* LoginViewController.h */ = {isa = PBXFileReference; fileEncoding = 4; lastKnownFileType = sourcecode.c.h; path = LoginViewController.h; sourceTree = "<group>"; };
		337F8D2B1F6784DD006B5218 /* LoginViewController.m */ = {isa = PBXFileReference; fileEncoding = 4; lastKnownFileType = sourcecode.c.objc; path = LoginViewController.m; sourceTree = "<group>"; };
		33F8B2B51F679511009F4C87 /* Assets.xcassets */ = {isa = PBXFileReference; lastKnownFileType = folder.assetcatalog; path = Assets.xcassets; sourceTree = "<group>"; };
		33F8B2B71F67CABE009F4C87 /* AppDelegate+private.h */ = {isa = PBXFileReference; fileEncoding = 4; lastKnownFileType = sourcecode.c.h; path = "AppDelegate+private.h"; sourceTree = "<group>"; };
		33F8B2B81F67CABE009F4C87 /* AppDelegate+private.m */ = {isa = PBXFileReference; fileEncoding = 4; lastKnownFileType = sourcecode.c.objc; path = "AppDelegate+private.m"; sourceTree = "<group>"; };
		33F8B2BB1F67DE85009F4C87 /* Networking.h */ = {isa = PBXFileReference; fileEncoding = 4; lastKnownFileType = sourcecode.c.h; path = Networking.h; sourceTree = "<group>"; };
		33F8B2BC1F67DE85009F4C87 /* Networking.m */ = {isa = PBXFileReference; fileEncoding = 4; lastKnownFileType = sourcecode.c.objc; path = Networking.m; sourceTree = "<group>"; };
		33F8B2BE1F67F659009F4C87 /* AppConfig.h */ = {isa = PBXFileReference; fileEncoding = 4; lastKnownFileType = sourcecode.c.h; path = AppConfig.h; sourceTree = "<group>"; };
		33F8B2BF1F67F659009F4C87 /* AppConfig.m */ = {isa = PBXFileReference; fileEncoding = 4; lastKnownFileType = sourcecode.c.objc; path = AppConfig.m; sourceTree = "<group>"; };
		33F8B2C11F67F6EA009F4C87 /* Constants.h */ = {isa = PBXFileReference; fileEncoding = 4; lastKnownFileType = sourcecode.c.h; path = Constants.h; sourceTree = "<group>"; };
		33F8B2C21F67F6EA009F4C87 /* Constants.m */ = {isa = PBXFileReference; fileEncoding = 4; lastKnownFileType = sourcecode.c.objc; path = Constants.m; sourceTree = "<group>"; };
		89ED9CFE6939F5609E818153 /* libPods-FYappTests.a */ = {isa = PBXFileReference; explicitFileType = archive.ar; includeInIndex = 0; path = "libPods-FYappTests.a"; sourceTree = BUILT_PRODUCTS_DIR; };
		98FAB11DF7ADC7D34E169249 /* Pods-FYapp.debug.xcconfig */ = {isa = PBXFileReference; includeInIndex = 1; lastKnownFileType = text.xcconfig; name = "Pods-FYapp.debug.xcconfig"; path = "Pods/Target Support Files/Pods-FYapp/Pods-FYapp.debug.xcconfig"; sourceTree = "<group>"; };
		EE090FE88ADF799341B4780C /* libPods-FYapp.a */ = {isa = PBXFileReference; explicitFileType = archive.ar; includeInIndex = 0; path = "libPods-FYapp.a"; sourceTree = BUILT_PRODUCTS_DIR; };
/* End PBXFileReference section */

/* Begin PBXFrameworksBuildPhase section */
		33491F6D1F5E4A5000D186B5 /* Frameworks */ = {
			isa = PBXFrameworksBuildPhase;
			buildActionMask = 2147483647;
			files = (
				B9130C887C863E798FB351F1 /* libPods-FYapp.a in Frameworks */,
			);
			runOnlyForDeploymentPostprocessing = 0;
		};
		33491F861F5E4A5000D186B5 /* Frameworks */ = {
			isa = PBXFrameworksBuildPhase;
			buildActionMask = 2147483647;
			files = (
			);
			runOnlyForDeploymentPostprocessing = 0;
		};
		33491F911F5E4A5000D186B5 /* Frameworks */ = {
			isa = PBXFrameworksBuildPhase;
			buildActionMask = 2147483647;
			files = (
			);
			runOnlyForDeploymentPostprocessing = 0;
		};
/* End PBXFrameworksBuildPhase section */

/* Begin PBXGroup section */
		33491F671F5E4A5000D186B5 = {
			isa = PBXGroup;
			children = (
				33491F721F5E4A5000D186B5 /* FYapp */,
				33491F8C1F5E4A5000D186B5 /* FYappTests */,
				33491F971F5E4A5000D186B5 /* FYappUITests */,
				33491F711F5E4A5000D186B5 /* Products */,
				9D72B94AE641D9F02EFE8A4C /* Pods */,
				F63907F1F2E78A71A84233D5 /* Frameworks */,
			);
			sourceTree = "<group>";
		};
		33491F711F5E4A5000D186B5 /* Products */ = {
			isa = PBXGroup;
			children = (
				33491F701F5E4A5000D186B5 /* FYapp.app */,
				33491F891F5E4A5000D186B5 /* FYappTests.xctest */,
				33491F941F5E4A5000D186B5 /* FYappUITests.xctest */,
			);
			name = Products;
			sourceTree = "<group>";
		};
		33491F721F5E4A5000D186B5 /* FYapp */ = {
			isa = PBXGroup;
			children = (
				33F8B2BA1F67DE21009F4C87 /* utilities */,
				33F8B2B51F679511009F4C87 /* Assets.xcassets */,
				33491FA61F5E4DF900D186B5 /* Login */,
				33491F761F5E4A5000D186B5 /* AppDelegate.h */,
				33491F771F5E4A5000D186B5 /* AppDelegate.m */,
				33491F791F5E4A5000D186B5 /* ViewController.h */,
				33491F7A1F5E4A5000D186B5 /* ViewController.m */,
				33491F7C1F5E4A5000D186B5 /* Main.storyboard */,
				33491F811F5E4A5000D186B5 /* LaunchScreen.storyboard */,
				33491F841F5E4A5000D186B5 /* Info.plist */,
				33491F731F5E4A5000D186B5 /* Supporting Files */,
				33F8B2B71F67CABE009F4C87 /* AppDelegate+private.h */,
				33F8B2B81F67CABE009F4C87 /* AppDelegate+private.m */,
			);
			path = FYapp;
			sourceTree = "<group>";
		};
		33491F731F5E4A5000D186B5 /* Supporting Files */ = {
			isa = PBXGroup;
			children = (
				33491F741F5E4A5000D186B5 /* main.m */,
			);
			name = "Supporting Files";
			sourceTree = "<group>";
		};
		33491F8C1F5E4A5000D186B5 /* FYappTests */ = {
			isa = PBXGroup;
			children = (
				33491F8D1F5E4A5000D186B5 /* FYappTests.m */,
				33491F8F1F5E4A5000D186B5 /* Info.plist */,
			);
			path = FYappTests;
			sourceTree = "<group>";
		};
		33491F971F5E4A5000D186B5 /* FYappUITests */ = {
			isa = PBXGroup;
			children = (
				33491F981F5E4A5000D186B5 /* FYappUITests.m */,
				33491F9A1F5E4A5000D186B5 /* Info.plist */,
			);
			path = FYappUITests;
			sourceTree = "<group>";
		};
		33491FA61F5E4DF900D186B5 /* Login */ = {
			isa = PBXGroup;
			children = (
				337F8D2A1F6784DD006B5218 /* LoginViewController.h */,
				337F8D2B1F6784DD006B5218 /* LoginViewController.m */,
			);
			path = Login;
			sourceTree = "<group>";
		};
		33F8B2BA1F67DE21009F4C87 /* utilities */ = {
			isa = PBXGroup;
			children = (
				33F8B2BB1F67DE85009F4C87 /* Networking.h */,
				33F8B2BC1F67DE85009F4C87 /* Networking.m */,
				33F8B2BE1F67F659009F4C87 /* AppConfig.h */,
				33F8B2BF1F67F659009F4C87 /* AppConfig.m */,
				33F8B2C11F67F6EA009F4C87 /* Constants.h */,
				33F8B2C21F67F6EA009F4C87 /* Constants.m */,
			);
			path = utilities;
			sourceTree = "<group>";
		};
		9D72B94AE641D9F02EFE8A4C /* Pods */ = {
			isa = PBXGroup;
			children = (
				98FAB11DF7ADC7D34E169249 /* Pods-FYapp.debug.xcconfig */,
				28D391F34BDE1B381DCEBF17 /* Pods-FYapp.release.xcconfig */,
			);
			name = Pods;
			sourceTree = "<group>";
		};
		F63907F1F2E78A71A84233D5 /* Frameworks */ = {
			isa = PBXGroup;
			children = (
				EE090FE88ADF799341B4780C /* libPods-FYapp.a */,
				89ED9CFE6939F5609E818153 /* libPods-FYappTests.a */,
			);
			name = Frameworks;
			sourceTree = "<group>";
		};
/* End PBXGroup section */

/* Begin PBXNativeTarget section */
		33491F6F1F5E4A5000D186B5 /* FYapp */ = {
			isa = PBXNativeTarget;
			buildConfigurationList = 33491F9D1F5E4A5000D186B5 /* Build configuration list for PBXNativeTarget "FYapp" */;
			buildPhases = (
				F0204BC4E7768E90897B1A0E /* [CP] Check Pods Manifest.lock */,
				33491F6C1F5E4A5000D186B5 /* Sources */,
				33491F6D1F5E4A5000D186B5 /* Frameworks */,
				33491F6E1F5E4A5000D186B5 /* Resources */,
				90F9D02984CB5F0E937CA502 /* [CP] Embed Pods Frameworks */,
				8BDADF9AC2F98FB83272C715 /* [CP] Copy Pods Resources */,
			);
			buildRules = (
			);
			dependencies = (
			);
			name = FYapp;
			productName = FYapp;
			productReference = 33491F701F5E4A5000D186B5 /* FYapp.app */;
			productType = "com.apple.product-type.application";
		};
		33491F881F5E4A5000D186B5 /* FYappTests */ = {
			isa = PBXNativeTarget;
			buildConfigurationList = 33491FA01F5E4A5000D186B5 /* Build configuration list for PBXNativeTarget "FYappTests" */;
			buildPhases = (
				33491F851F5E4A5000D186B5 /* Sources */,
				33491F861F5E4A5000D186B5 /* Frameworks */,
				33491F871F5E4A5000D186B5 /* Resources */,
			);
			buildRules = (
			);
			dependencies = (
				33491F8B1F5E4A5000D186B5 /* PBXTargetDependency */,
			);
			name = FYappTests;
			productName = FYappTests;
			productReference = 33491F891F5E4A5000D186B5 /* FYappTests.xctest */;
			productType = "com.apple.product-type.bundle.unit-test";
		};
		33491F931F5E4A5000D186B5 /* FYappUITests */ = {
			isa = PBXNativeTarget;
			buildConfigurationList = 33491FA31F5E4A5000D186B5 /* Build configuration list for PBXNativeTarget "FYappUITests" */;
			buildPhases = (
				33491F901F5E4A5000D186B5 /* Sources */,
				33491F911F5E4A5000D186B5 /* Frameworks */,
				33491F921F5E4A5000D186B5 /* Resources */,
			);
			buildRules = (
			);
			dependencies = (
				33491F961F5E4A5000D186B5 /* PBXTargetDependency */,
			);
			name = FYappUITests;
			productName = FYappUITests;
			productReference = 33491F941F5E4A5000D186B5 /* FYappUITests.xctest */;
			productType = "com.apple.product-type.bundle.ui-testing";
		};
/* End PBXNativeTarget section */

/* Begin PBXProject section */
		33491F681F5E4A5000D186B5 /* Project object */ = {
			isa = PBXProject;
			attributes = {
				LastUpgradeCheck = 0830;
				ORGANIZATIONNAME = fanyi;
				TargetAttributes = {
					33491F6F1F5E4A5000D186B5 = {
						CreatedOnToolsVersion = 8.3.3;
						DevelopmentTeam = 5EMFG9Z439;
						ProvisioningStyle = Automatic;
					};
					33491F881F5E4A5000D186B5 = {
						CreatedOnToolsVersion = 8.3.3;
						ProvisioningStyle = Automatic;
						TestTargetID = 33491F6F1F5E4A5000D186B5;
					};
					33491F931F5E4A5000D186B5 = {
						CreatedOnToolsVersion = 8.3.3;
						ProvisioningStyle = Automatic;
						TestTargetID = 33491F6F1F5E4A5000D186B5;
					};
				};
			};
			buildConfigurationList = 33491F6B1F5E4A5000D186B5 /* Build configuration list for PBXProject "FYapp" */;
			compatibilityVersion = "Xcode 3.2";
			developmentRegion = English;
			hasScannedForEncodings = 0;
			knownRegions = (
				en,
				Base,
			);
			mainGroup = 33491F671F5E4A5000D186B5;
			productRefGroup = 33491F711F5E4A5000D186B5 /* Products */;
			projectDirPath = "";
			projectRoot = "";
			targets = (
				33491F6F1F5E4A5000D186B5 /* FYapp */,
				33491F881F5E4A5000D186B5 /* FYappTests */,
				33491F931F5E4A5000D186B5 /* FYappUITests */,
			);
		};
/* End PBXProject section */

/* Begin PBXResourcesBuildPhase section */
		33491F6E1F5E4A5000D186B5 /* Resources */ = {
			isa = PBXResourcesBuildPhase;
			buildActionMask = 2147483647;
			files = (
				33491F831F5E4A5000D186B5 /* LaunchScreen.storyboard in Resources */,
				33F8B2B61F679511009F4C87 /* Assets.xcassets in Resources */,
				33491F7E1F5E4A5000D186B5 /* Main.storyboard in Resources */,
			);
			runOnlyForDeploymentPostprocessing = 0;
		};
		33491F871F5E4A5000D186B5 /* Resources */ = {
			isa = PBXResourcesBuildPhase;
			buildActionMask = 2147483647;
			files = (
			);
			runOnlyForDeploymentPostprocessing = 0;
		};
		33491F921F5E4A5000D186B5 /* Resources */ = {
			isa = PBXResourcesBuildPhase;
			buildActionMask = 2147483647;
			files = (
			);
			runOnlyForDeploymentPostprocessing = 0;
		};
/* End PBXResourcesBuildPhase section */

/* Begin PBXShellScriptBuildPhase section */
		8BDADF9AC2F98FB83272C715 /* [CP] Copy Pods Resources */ = {
			isa = PBXShellScriptBuildPhase;
			buildActionMask = 2147483647;
			files = (
			);
			inputPaths = (
			);
			name = "[CP] Copy Pods Resources";
			outputPaths = (
			);
			runOnlyForDeploymentPostprocessing = 0;
			shellPath = /bin/sh;
			shellScript = "\"${SRCROOT}/Pods/Target Support Files/Pods-FYapp/Pods-FYapp-resources.sh\"\n";
			showEnvVarsInLog = 0;
		};
		90F9D02984CB5F0E937CA502 /* [CP] Embed Pods Frameworks */ = {
			isa = PBXShellScriptBuildPhase;
			buildActionMask = 2147483647;
			files = (
			);
			inputPaths = (
			);
			name = "[CP] Embed Pods Frameworks";
			outputPaths = (
			);
			runOnlyForDeploymentPostprocessing = 0;
			shellPath = /bin/sh;
			shellScript = "\"${SRCROOT}/Pods/Target Support Files/Pods-FYapp/Pods-FYapp-frameworks.sh\"\n";
			showEnvVarsInLog = 0;
		};
		F0204BC4E7768E90897B1A0E /* [CP] Check Pods Manifest.lock */ = {
			isa = PBXShellScriptBuildPhase;
			buildActionMask = 2147483647;
			files = (
			);
			inputPaths = (
			);
			name = "[CP] Check Pods Manifest.lock";
			outputPaths = (
			);
			runOnlyForDeploymentPostprocessing = 0;
			shellPath = /bin/sh;
			shellScript = "diff \"${PODS_PODFILE_DIR_PATH}/Podfile.lock\" \"${PODS_ROOT}/Manifest.lock\" > /dev/null\nif [ $? != 0 ] ; then\n    # print error to STDERR\n    echo \"error: The sandbox is not in sync with the Podfile.lock. Run 'pod install' or update your CocoaPods installation.\" >&2\n    exit 1\nfi\n";
			showEnvVarsInLog = 0;
		};
/* End PBXShellScriptBuildPhase section */

/* Begin PBXSourcesBuildPhase section */
		33491F6C1F5E4A5000D186B5 /* Sources */ = {
			isa = PBXSourcesBuildPhase;
			buildActionMask = 2147483647;
			files = (
				33F8B2B91F67CABE009F4C87 /* AppDelegate+private.m in Sources */,
				33F8B2C01F67F659009F4C87 /* AppConfig.m in Sources */,
				337F8D2C1F6784DD006B5218 /* LoginViewController.m in Sources */,
				33F8B2C31F67F6EA009F4C87 /* Constants.m in Sources */,
				33491F7B1F5E4A5000D186B5 /* ViewController.m in Sources */,
				33491F781F5E4A5000D186B5 /* AppDelegate.m in Sources */,
				33491F751F5E4A5000D186B5 /* main.m in Sources */,
				33F8B2BD1F67DE85009F4C87 /* Networking.m in Sources */,
			);
			runOnlyForDeploymentPostprocessing = 0;
		};
		33491F851F5E4A5000D186B5 /* Sources */ = {
			isa = PBXSourcesBuildPhase;
			buildActionMask = 2147483647;
			files = (
				33491F8E1F5E4A5000D186B5 /* FYappTests.m in Sources */,
			);
			runOnlyForDeploymentPostprocessing = 0;
		};
		33491F901F5E4A5000D186B5 /* Sources */ = {
			isa = PBXSourcesBuildPhase;
			buildActionMask = 2147483647;
			files = (
				33491F991F5E4A5000D186B5 /* FYappUITests.m in Sources */,
			);
			runOnlyForDeploymentPostprocessing = 0;
		};
/* End PBXSourcesBuildPhase section */

/* Begin PBXTargetDependency section */
		33491F8B1F5E4A5000D186B5 /* PBXTargetDependency */ = {
			isa = PBXTargetDependency;
			target = 33491F6F1F5E4A5000D186B5 /* FYapp */;
			targetProxy = 33491F8A1F5E4A5000D186B5 /* PBXContainerItemProxy */;
		};
		33491F961F5E4A5000D186B5 /* PBXTargetDependency */ = {
			isa = PBXTargetDependency;
			target = 33491F6F1F5E4A5000D186B5 /* FYapp */;
			targetProxy = 33491F951F5E4A5000D186B5 /* PBXContainerItemProxy */;
		};
/* End PBXTargetDependency section */

/* Begin PBXVariantGroup section */
		33491F7C1F5E4A5000D186B5 /* Main.storyboard */ = {
			isa = PBXVariantGroup;
			children = (
				33491F7D1F5E4A5000D186B5 /* Base */,
			);
			name = Main.storyboard;
			sourceTree = "<group>";
		};
		33491F811F5E4A5000D186B5 /* LaunchScreen.storyboard */ = {
			isa = PBXVariantGroup;
			children = (
				33491F821F5E4A5000D186B5 /* Base */,
			);
			name = LaunchScreen.storyboard;
			sourceTree = "<group>";
		};
/* End PBXVariantGroup section */

/* Begin XCBuildConfiguration section */
		33491F9B1F5E4A5000D186B5 /* Debug */ = {
			isa = XCBuildConfiguration;
			buildSettings = {
				ALWAYS_SEARCH_USER_PATHS = NO;
				CLANG_ANALYZER_NONNULL = YES;
				CLANG_ANALYZER_NUMBER_OBJECT_CONVERSION = YES_AGGRESSIVE;
				CLANG_CXX_LANGUAGE_STANDARD = "gnu++0x";
				CLANG_CXX_LIBRARY = "libc++";
				CLANG_ENABLE_MODULES = YES;
				CLANG_ENABLE_OBJC_ARC = YES;
				CLANG_WARN_BOOL_CONVERSION = YES;
				CLANG_WARN_CONSTANT_CONVERSION = YES;
				CLANG_WARN_DIRECT_OBJC_ISA_USAGE = YES_ERROR;
				CLANG_WARN_DOCUMENTATION_COMMENTS = YES;
				CLANG_WARN_EMPTY_BODY = YES;
				CLANG_WARN_ENUM_CONVERSION = YES;
				CLANG_WARN_INFINITE_RECURSION = YES;
				CLANG_WARN_INT_CONVERSION = YES;
				CLANG_WARN_OBJC_ROOT_CLASS = YES_ERROR;
				CLANG_WARN_SUSPICIOUS_MOVE = YES;
				CLANG_WARN_UNREACHABLE_CODE = YES;
				CLANG_WARN__DUPLICATE_METHOD_MATCH = YES;
				"CODE_SIGN_IDENTITY[sdk=iphoneos*]" = "iPhone Developer";
				COPY_PHASE_STRIP = NO;
				DEBUG_INFORMATION_FORMAT = dwarf;
				ENABLE_STRICT_OBJC_MSGSEND = YES;
				ENABLE_TESTABILITY = YES;
				GCC_C_LANGUAGE_STANDARD = gnu99;
				GCC_DYNAMIC_NO_PIC = NO;
				GCC_NO_COMMON_BLOCKS = YES;
				GCC_OPTIMIZATION_LEVEL = 0;
				GCC_PREPROCESSOR_DEFINITIONS = (
					"DEBUG=1",
					"$(inherited)",
				);
				GCC_WARN_64_TO_32_BIT_CONVERSION = YES;
				GCC_WARN_ABOUT_RETURN_TYPE = YES_ERROR;
				GCC_WARN_UNDECLARED_SELECTOR = YES;
				GCC_WARN_UNINITIALIZED_AUTOS = YES_AGGRESSIVE;
				GCC_WARN_UNUSED_FUNCTION = YES;
				GCC_WARN_UNUSED_VARIABLE = YES;
				IPHONEOS_DEPLOYMENT_TARGET = 10.3;
				MTL_ENABLE_DEBUG_INFO = YES;
				ONLY_ACTIVE_ARCH = YES;
				SDKROOT = iphoneos;
				TARGETED_DEVICE_FAMILY = "1,2";
			};
			name = Debug;
		};
		33491F9C1F5E4A5000D186B5 /* Release */ = {
			isa = XCBuildConfiguration;
			buildSettings = {
				ALWAYS_SEARCH_USER_PATHS = NO;
				CLANG_ANALYZER_NONNULL = YES;
				CLANG_ANALYZER_NUMBER_OBJECT_CONVERSION = YES_AGGRESSIVE;
				CLANG_CXX_LANGUAGE_STANDARD = "gnu++0x";
				CLANG_CXX_LIBRARY = "libc++";
				CLANG_ENABLE_MODULES = YES;
				CLANG_ENABLE_OBJC_ARC = YES;
				CLANG_WARN_BOOL_CONVERSION = YES;
				CLANG_WARN_CONSTANT_CONVERSION = YES;
				CLANG_WARN_DIRECT_OBJC_ISA_USAGE = YES_ERROR;
				CLANG_WARN_DOCUMENTATION_COMMENTS = YES;
				CLANG_WARN_EMPTY_BODY = YES;
				CLANG_WARN_ENUM_CONVERSION = YES;
				CLANG_WARN_INFINITE_RECURSION = YES;
				CLANG_WARN_INT_CONVERSION = YES;
				CLANG_WARN_OBJC_ROOT_CLASS = YES_ERROR;
				CLANG_WARN_SUSPICIOUS_MOVE = YES;
				CLANG_WARN_UNREACHABLE_CODE = YES;
				CLANG_WARN__DUPLICATE_METHOD_MATCH = YES;
				"CODE_SIGN_IDENTITY[sdk=iphoneos*]" = "iPhone Developer";
				COPY_PHASE_STRIP = NO;
				DEBUG_INFORMATION_FORMAT = "dwarf-with-dsym";
				ENABLE_NS_ASSERTIONS = NO;
				ENABLE_STRICT_OBJC_MSGSEND = YES;
				GCC_C_LANGUAGE_STANDARD = gnu99;
				GCC_NO_COMMON_BLOCKS = YES;
				GCC_WARN_64_TO_32_BIT_CONVERSION = YES;
				GCC_WARN_ABOUT_RETURN_TYPE = YES_ERROR;
				GCC_WARN_UNDECLARED_SELECTOR = YES;
				GCC_WARN_UNINITIALIZED_AUTOS = YES_AGGRESSIVE;
				GCC_WARN_UNUSED_FUNCTION = YES;
				GCC_WARN_UNUSED_VARIABLE = YES;
				IPHONEOS_DEPLOYMENT_TARGET = 10.3;
				MTL_ENABLE_DEBUG_INFO = NO;
				SDKROOT = iphoneos;
				TARGETED_DEVICE_FAMILY = "1,2";
				VALIDATE_PRODUCT = YES;
			};
			name = Release;
		};
		33491F9E1F5E4A5000D186B5 /* Debug */ = {
			isa = XCBuildConfiguration;
			baseConfigurationReference = 98FAB11DF7ADC7D34E169249 /* Pods-FYapp.debug.xcconfig */;
			buildSettings = {
				ASSETCATALOG_COMPILER_APPICON_NAME = AppIcon;
				DEVELOPMENT_TEAM = 5EMFG9Z439;
				INFOPLIST_FILE = FYapp/Info.plist;
				LD_RUNPATH_SEARCH_PATHS = "$(inherited) @executable_path/Frameworks";
				PRODUCT_BUNDLE_IDENTIFIER = com.bjhl.pay;
				PRODUCT_NAME = "$(TARGET_NAME)";
			};
			name = Debug;
		};
		33491F9F1F5E4A5000D186B5 /* Release */ = {
			isa = XCBuildConfiguration;
			baseConfigurationReference = 28D391F34BDE1B381DCEBF17 /* Pods-FYapp.release.xcconfig */;
			buildSettings = {
				ASSETCATALOG_COMPILER_APPICON_NAME = AppIcon;
				DEVELOPMENT_TEAM = 5EMFG9Z439;
				INFOPLIST_FILE = FYapp/Info.plist;
				LD_RUNPATH_SEARCH_PATHS = "$(inherited) @executable_path/Frameworks";
				PRODUCT_BUNDLE_IDENTIFIER = com.bjhl.pay;
				PRODUCT_NAME = "$(TARGET_NAME)";
			};
			name = Release;
		};
		33491FA11F5E4A5000D186B5 /* Debug */ = {
			isa = XCBuildConfiguration;
			buildSettings = {
				BUNDLE_LOADER = "$(TEST_HOST)";
				INFOPLIST_FILE = FYappTests/Info.plist;
				LD_RUNPATH_SEARCH_PATHS = "$(inherited) @executable_path/Frameworks @loader_path/Frameworks";
				PRODUCT_BUNDLE_IDENTIFIER = bjhl.FYappTests;
				PRODUCT_NAME = "$(TARGET_NAME)";
				TEST_HOST = "$(BUILT_PRODUCTS_DIR)/FYapp.app/FYapp";
			};
			name = Debug;
		};
		33491FA21F5E4A5000D186B5 /* Release */ = {
			isa = XCBuildConfiguration;
			buildSettings = {
				BUNDLE_LOADER = "$(TEST_HOST)";
				INFOPLIST_FILE = FYappTests/Info.plist;
				LD_RUNPATH_SEARCH_PATHS = "$(inherited) @executable_path/Frameworks @loader_path/Frameworks";
				PRODUCT_BUNDLE_IDENTIFIER = bjhl.FYappTests;
				PRODUCT_NAME = "$(TARGET_NAME)";
				TEST_HOST = "$(BUILT_PRODUCTS_DIR)/FYapp.app/FYapp";
			};
			name = Release;
		};
		33491FA41F5E4A5000D186B5 /* Debug */ = {
			isa = XCBuildConfiguration;
			buildSettings = {
				INFOPLIST_FILE = FYappUITests/Info.plist;
				LD_RUNPATH_SEARCH_PATHS = "$(inherited) @executable_path/Frameworks @loader_path/Frameworks";
				PRODUCT_BUNDLE_IDENTIFIER = bjhl.FYappUITests;
				PRODUCT_NAME = "$(TARGET_NAME)";
				TEST_TARGET_NAME = FYapp;
			};
			name = Debug;
		};
		33491FA51F5E4A5000D186B5 /* Release */ = {
			isa = XCBuildConfiguration;
			buildSettings = {
				INFOPLIST_FILE = FYappUITests/Info.plist;
				LD_RUNPATH_SEARCH_PATHS = "$(inherited) @executable_path/Frameworks @loader_path/Frameworks";
				PRODUCT_BUNDLE_IDENTIFIER = bjhl.FYappUITests;
				PRODUCT_NAME = "$(TARGET_NAME)";
				TEST_TARGET_NAME = FYapp;
			};
			name = Release;
		};
/* End XCBuildConfiguration section */

/* Begin XCConfigurationList section */
		33491F6B1F5E4A5000D186B5 /* Build configuration list for PBXProject "FYapp" */ = {
			isa = XCConfigurationList;
			buildConfigurations = (
				33491F9B1F5E4A5000D186B5 /* Debug */,
				33491F9C1F5E4A5000D186B5 /* Release */,
			);
			defaultConfigurationIsVisible = 0;
			defaultConfigurationName = Release;
		};
		33491F9D1F5E4A5000D186B5 /* Build configuration list for PBXNativeTarget "FYapp" */ = {
			isa = XCConfigurationList;
			buildConfigurations = (
				33491F9E1F5E4A5000D186B5 /* Debug */,
				33491F9F1F5E4A5000D186B5 /* Release */,
			);
			defaultConfigurationIsVisible = 0;
			defaultConfigurationName = Release;
		};
		33491FA01F5E4A5000D186B5 /* Build configuration list for PBXNativeTarget "FYappTests" */ = {
			isa = XCConfigurationList;
			buildConfigurations = (
				33491FA11F5E4A5000D186B5 /* Debug */,
				33491FA21F5E4A5000D186B5 /* Release */,
			);
			defaultConfigurationIsVisible = 0;
			defaultConfigurationName = Release;
		};
		33491FA31F5E4A5000D186B5 /* Build configuration list for PBXNativeTarget "FYappUITests" */ = {
			isa = XCConfigurationList;
			buildConfigurations = (
				33491FA41F5E4A5000D186B5 /* Debug */,
				33491FA51F5E4A5000D186B5 /* Release */,
			);
			defaultConfigurationIsVisible = 0;
			defaultConfigurationName = Release;
		};
/* End XCConfigurationList section */
	};
	rootObject = 33491F681F5E4A5000D186B5 /* Project object */;
}
